
Microsoft Visual Studio Solution File, Format Version 12.00
# Visual Studio Version 17
VisualStudioVersion = 17.5.002.0
MinimumVisualStudioVersion = 10.0.40219.1
Project("{9A19103F-16F7-4668-BE54-9A1E7A4F7556}") = "Bootcamp-.NET", "Bootcamp-.NET.csproj", "{FBE782D7-FD6C-4283-832F-223016166092}"
EndProject
Global
	GlobalSection(SolutionConfigurationPlatforms) = preSolution
		Debug|Any CPU = Debug|Any CPU
		Release|Any CPU = Release|Any CPU
	EndGlobalSection
	GlobalSection(ProjectConfigurationPlatforms) = postSolution
		{FBE782D7-FD6C-4283-832F-223016166092}.Debug|Any CPU.ActiveCfg = Debug|Any CPU
		{FBE782D7-FD6C-4283-832F-223016166092}.Debug|Any CPU.Build.0 = Debug|Any CPU
		{FBE782D7-FD6C-4283-832F-223016166092}.Release|Any CPU.ActiveCfg = Release|Any CPU
		{FBE782D7-FD6C-4283-832F-223016166092}.Release|Any CPU.Build.0 = Release|Any CPU
	EndGlobalSection
	GlobalSection(SolutionProperties) = preSolution
		HideSolutionNode = FALSE
	EndGlobalSection
	GlobalSection(ExtensibilityGlobals) = postSolution
		SolutionGuid = {38EAB05D-A5B0-4439-9374-EEF0C7C4F919}
	EndGlobalSection
EndGlobal
